
Microsoft Visual Studio Solution File, Format Version 12.00
# Visual Studio Version 17
VisualStudioVersion = 17.5.33627.172
MinimumVisualStudioVersion = 10.0.40219.1
Project("{8BC9CEB8-8B4A-11D0-8D11-00A0C91BC942}") = "glfw-glad-starter-2", "glfw-glad-starter-2.vcxproj", "{3D8C0A09-979F-4DA7-A338-A33327AE2089}"
EndProject
Global
	GlobalSection(SolutionConfigurationPlatforms) = preSolution
		Debug|x64 = Debug|x64
		Debug|x86 = Debug|x86
		Release|x64 = Release|x64
		Release|x86 = Release|x86
	EndGlobalSection
	GlobalSection(ProjectConfigurationPlatforms) = postSolution
		{3D8C0A09-979F-4DA7-A338-A33327AE2089}.Debug|x64.ActiveCfg = Debug|x64
		{3D8C0A09-979F-4DA7-A338-A33327AE2089}.Debug|x64.Build.0 = Debug|x64
		{3D8C0A09-979F-4DA7-A338-A33327AE2089}.Debug|x86.ActiveCfg = Debug|Win32
		{3D8C0A09-979F-4DA7-A338-A33327AE2089}.Debug|x86.Build.0 = Debug|Win32
		{3D8C0A09-979F-4DA7-A338-A33327AE2089}.Release|x64.ActiveCfg = Release|x64
		{3D8C0A09-979F-4DA7-A338-A33327AE2089}.Release|x64.Build.0 = Release|x64
		{3D8C0A09-979F-4DA7-A338-A33327AE2089}.Release|x86.ActiveCfg = Release|Win32
		{3D8C0A09-979F-4DA7-A338-A33327AE2089}.Release|x86.Build.0 = Release|Win32
	EndGlobalSection
	GlobalSection(SolutionProperties) = preSolution
		HideSolutionNode = FALSE
	EndGlobalSection
	GlobalSection(ExtensibilityGlobals) = postSolution
		SolutionGuid = {41B1F4D3-2287-42A7-BF95-A44121EAE761}
	EndGlobalSection
EndGlobal
